
Microsoft Visual Studio Solution File, Format Version 12.00
# Visual Studio Version 17
VisualStudioVersion = 17.12.35514.174
MinimumVisualStudioVersion = 10.0.40219.1
Project("{54A90642-561A-4BB1-A94E-469ADEE60C69}") = "TowerDefense", "TowerDefense.esproj", "{1CDA4034-4630-4EF5-BE53-C937089B5EA9}"
EndProject
Global
	GlobalSection(SolutionConfigurationPlatforms) = preSolution
		Debug|Any CPU = Debug|Any CPU
		Release|Any CPU = Release|Any CPU
	EndGlobalSection
	GlobalSection(ProjectConfigurationPlatforms) = postSolution
		{1CDA4034-4630-4EF5-BE53-C937089B5EA9}.Debug|Any CPU.ActiveCfg = Debug|Any CPU
		{1CDA4034-4630-4EF5-BE53-C937089B5EA9}.Debug|Any CPU.Build.0 = Debug|Any CPU
		{1CDA4034-4630-4EF5-BE53-C937089B5EA9}.Debug|Any CPU.Deploy.0 = Debug|Any CPU
		{1CDA4034-4630-4EF5-BE53-C937089B5EA9}.Release|Any CPU.ActiveCfg = Release|Any CPU
		{1CDA4034-4630-4EF5-BE53-C937089B5EA9}.Release|Any CPU.Build.0 = Release|Any CPU
		{1CDA4034-4630-4EF5-BE53-C937089B5EA9}.Release|Any CPU.Deploy.0 = Release|Any CPU
	EndGlobalSection
	GlobalSection(SolutionProperties) = preSolution
		HideSolutionNode = FALSE
	EndGlobalSection
EndGlobal
